// !$*UTF8*$!
{
	archiveVersion = 1;
	classes = {
	};
	objectVersion = 46;
	objects = {

/* Begin PBXBuildFile section */
		B9CA9AF51B6598A2008AEC68 /* main.m in Sources */ = {isa = PBXBuildFile; fileRef = B9CA9AF41B6598A2008AEC68 /* main.m */; };
		B9CA9AF81B6598A2008AEC68 /* AppDelegate.m in Sources */ = {isa = PBXBuildFile; fileRef = B9CA9AF71B6598A2008AEC68 /* AppDelegate.m */; };
		B9CA9AFB1B6598A2008AEC68 /* MasterViewController.m in Sources */ = {isa = PBXBuildFile; fileRef = B9CA9AFA1B6598A2008AEC68 /* MasterViewController.m */; };
		B9CA9AFE1B6598A2008AEC68 /* DetailViewController.m in Sources */ = {isa = PBXBuildFile; fileRef = B9CA9AFD1B6598A2008AEC68 /* DetailViewController.m */; };
		B9CA9B011B6598A2008AEC68 /* Main.storyboard in Resources */ = {isa = PBXBuildFile; fileRef = B9CA9AFF1B6598A2008AEC68 /* Main.storyboard */; };
		B9CA9B031B6598A2008AEC68 /* Images.xcassets in Resources */ = {isa = PBXBuildFile; fileRef = B9CA9B021B6598A2008AEC68 /* Images.xcassets */; };
		B9CA9B061B6598A2008AEC68 /* LaunchScreen.xib in Resources */ = {isa = PBXBuildFile; fileRef = B9CA9B041B6598A2008AEC68 /* LaunchScreen.xib */; };
		B9CA9B121B6598A2008AEC68 /* TechnicalChallengeTests.m in Sources */ = {isa = PBXBuildFile; fileRef = B9CA9B111B6598A2008AEC68 /* TechnicalChallengeTests.m */; };
/* End PBXBuildFile section */

/* Begin PBXContainerItemProxy section */
		B9CA9B0C1B6598A2008AEC68 /* PBXContainerItemProxy */ = {
			isa = PBXContainerItemProxy;
			containerPortal = B9CA9AE71B6598A2008AEC68 /* Project object */;
			proxyType = 1;
			remoteGlobalIDString = B9CA9AEE1B6598A2008AEC68;
			remoteInfo = TechnicalChallenge;
		};
/* End PBXContainerItemProxy section */

/* Begin PBXFileReference section */
		B9CA9AEF1B6598A2008AEC68 /* TechnicalChallenge.app */ = {isa = PBXFileReference; explicitFileType = wrapper.application; includeInIndex = 0; path = TechnicalChallenge.app; sourceTree = BUILT_PRODUCTS_DIR; };
		B9CA9AF31B6598A2008AEC68 /* Info.plist */ = {isa = PBXFileReference; lastKnownFileType = text.plist.xml; path = Info.plist; sourceTree = "<group>"; };
		B9CA9AF41B6598A2008AEC68 /* main.m */ = {isa = PBXFileReference; lastKnownFileType = sourcecode.c.objc; path = main.m; sourceTree = "<group>"; };
		B9CA9AF61B6598A2008AEC68 /* AppDelegate.h */ = {isa = PBXFileReference; lastKnownFileType = sourcecode.c.h; path = AppDelegate.h; sourceTree = "<group>"; };
		B9CA9AF71B6598A2008AEC68 /* AppDelegate.m */ = {isa = PBXFileReference; lastKnownFileType = sourcecode.c.objc; path = AppDelegate.m; sourceTree = "<group>"; };
		B9CA9AF91B6598A2008AEC68 /* MasterViewController.h */ = {isa = PBXFileReference; lastKnownFileType = sourcecode.c.h; path = MasterViewController.h; sourceTree = "<group>"; };
		B9CA9AFA1B6598A2008AEC68 /* MasterViewController.m */ = {isa = PBXFileReference; lastKnownFileType = sourcecode.c.objc; path = MasterViewController.m; sourceTree = "<group>"; };
		B9CA9AFC1B6598A2008AEC68 /* DetailViewController.h */ = {isa = PBXFileReference; lastKnownFileType = sourcecode.c.h; path = DetailViewController.h; sourceTree = "<group>"; };
		B9CA9AFD1B6598A2008AEC68 /* DetailViewController.m */ = {isa = PBXFileReference; lastKnownFileType = sourcecode.c.objc; path = DetailViewController.m; sourceTree = "<group>"; };
		B9CA9B001B6598A2008AEC68 /* Base */ = {isa = PBXFileReference; lastKnownFileType = file.storyboard; name = Base; path = Base.lproj/Main.storyboard; sourceTree = "<group>"; };
		B9CA9B021B6598A2008AEC68 /* Images.xcassets */ = {isa = PBXFileReference; lastKnownFileType = folder.assetcatalog; path = Images.xcassets; sourceTree = "<group>"; };
		B9CA9B051B6598A2008AEC68 /* Base */ = {isa = PBXFileReference; lastKnownFileType = file.xib; name = Base; path = Base.lproj/LaunchScreen.xib; sourceTree = "<group>"; };
		B9CA9B0B1B6598A2008AEC68 /* TechnicalChallengeTests.xctest */ = {isa = PBXFileReference; explicitFileType = wrapper.cfbundle; includeInIndex = 0; path = TechnicalChallengeTests.xctest; sourceTree = BUILT_PRODUCTS_DIR; };
		B9CA9B101B6598A2008AEC68 /* Info.plist */ = {isa = PBXFileReference; lastKnownFileType = text.plist.xml; path = Info.plist; sourceTree = "<group>"; };
		B9CA9B111B6598A2008AEC68 /* TechnicalChallengeTests.m */ = {isa = PBXFileReference; lastKnownFileType = sourcecode.c.objc; path = TechnicalChallengeTests.m; sourceTree = "<group>"; };
/* End PBXFileReference section */

/* Begin PBXFrameworksBuildPhase section */
		B9CA9AEC1B6598A2008AEC68 /* Frameworks */ = {
			isa = PBXFrameworksBuildPhase;
			buildActionMask = 2147483647;
			files = (
			);
			runOnlyForDeploymentPostprocessing = 0;
		};
		B9CA9B081B6598A2008AEC68 /* Frameworks */ = {
			isa = PBXFrameworksBuildPhase;
			buildActionMask = 2147483647;
			files = (
			);
			runOnlyForDeploymentPostprocessing = 0;
		};
/* End PBXFrameworksBuildPhase section */

/* Begin PBXGroup section */
		B9CA9AE61B6598A2008AEC68 = {
			isa = PBXGroup;
			children = (
				B9CA9AF11B6598A2008AEC68 /* TechnicalChallenge */,
				B9CA9B0E1B6598A2008AEC68 /* TechnicalChallengeTests */,
				B9CA9AF01B6598A2008AEC68 /* Products */,
			);
			sourceTree = "<group>";
		};
		B9CA9AF01B6598A2008AEC68 /* Products */ = {
			isa = PBXGroup;
			children = (
				B9CA9AEF1B6598A2008AEC68 /* TechnicalChallenge.app */,
				B9CA9B0B1B6598A2008AEC68 /* TechnicalChallengeTests.xctest */,
			);
			name = Products;
			sourceTree = "<group>";
		};
		B9CA9AF11B6598A2008AEC68 /* TechnicalChallenge */ = {
			isa = PBXGroup;
			children = (
				B9CA9AF61B6598A2008AEC68 /* AppDelegate.h */,
				B9CA9AF71B6598A2008AEC68 /* AppDelegate.m */,
				B9CA9AF91B6598A2008AEC68 /* MasterViewController.h */,
				B9CA9AFA1B6598A2008AEC68 /* MasterViewController.m */,
				B9CA9AFC1B6598A2008AEC68 /* DetailViewController.h */,
				B9CA9AFD1B6598A2008AEC68 /* DetailViewController.m */,
				B9CA9AFF1B6598A2008AEC68 /* Main.storyboard */,
				B9CA9B021B6598A2008AEC68 /* Images.xcassets */,
				B9CA9B041B6598A2008AEC68 /* LaunchScreen.xib */,
				B9CA9AF21B6598A2008AEC68 /* Supporting Files */,
			);
			path = TechnicalChallenge;
			sourceTree = "<group>";
		};
		B9CA9AF21B6598A2008AEC68 /* Supporting Files */ = {
			isa = PBXGroup;
			children = (
				B9CA9AF31B6598A2008AEC68 /* Info.plist */,
				B9CA9AF41B6598A2008AEC68 /* main.m */,
			);
			name = "Supporting Files";
			sourceTree = "<group>";
		};
		B9CA9B0E1B6598A2008AEC68 /* TechnicalChallengeTests */ = {
			isa = PBXGroup;
			children = (
				B9CA9B111B6598A2008AEC68 /* TechnicalChallengeTests.m */,
				B9CA9B0F1B6598A2008AEC68 /* Supporting Files */,
			);
			path = TechnicalChallengeTests;
			sourceTree = "<group>";
		};
		B9CA9B0F1B6598A2008AEC68 /* Supporting Files */ = {
			isa = PBXGroup;
			children = (
				B9CA9B101B6598A2008AEC68 /* Info.plist */,
			);
			name = "Supporting Files";
			sourceTree = "<group>";
		};
/* End PBXGroup section */

/* Begin PBXNativeTarget section */
		B9CA9AEE1B6598A2008AEC68 /* TechnicalChallenge */ = {
			isa = PBXNativeTarget;
			buildConfigurationList = B9CA9B151B6598A2008AEC68 /* Build configuration list for PBXNativeTarget "TechnicalChallenge" */;
			buildPhases = (
				B9CA9AEB1B6598A2008AEC68 /* Sources */,
				B9CA9AEC1B6598A2008AEC68 /* Frameworks */,
				B9CA9AED1B6598A2008AEC68 /* Resources */,
			);
			buildRules = (
			);
			dependencies = (
			);
			name = TechnicalChallenge;
			productName = TechnicalChallenge;
			productReference = B9CA9AEF1B6598A2008AEC68 /* TechnicalChallenge.app */;
			productType = "com.apple.product-type.application";
		};
		B9CA9B0A1B6598A2008AEC68 /* TechnicalChallengeTests */ = {
			isa = PBXNativeTarget;
			buildConfigurationList = B9CA9B181B6598A2008AEC68 /* Build configuration list for PBXNativeTarget "TechnicalChallengeTests" */;
			buildPhases = (
				B9CA9B071B6598A2008AEC68 /* Sources */,
				B9CA9B081B6598A2008AEC68 /* Frameworks */,
				B9CA9B091B6598A2008AEC68 /* Resources */,
			);
			buildRules = (
			);
			dependencies = (
				B9CA9B0D1B6598A2008AEC68 /* PBXTargetDependency */,
			);
			name = TechnicalChallengeTests;
			productName = TechnicalChallengeTests;
			productReference = B9CA9B0B1B6598A2008AEC68 /* TechnicalChallengeTests.xctest */;
			productType = "com.apple.product-type.bundle.unit-test";
		};
/* End PBXNativeTarget section */

/* Begin PBXProject section */
		B9CA9AE71B6598A2008AEC68 /* Project object */ = {
			isa = PBXProject;
			attributes = {
				LastUpgradeCheck = 0610;
				ORGANIZATIONNAME = Wirestorm;
				TargetAttributes = {
					B9CA9AEE1B6598A2008AEC68 = {
						CreatedOnToolsVersion = 6.1;
					};
					B9CA9B0A1B6598A2008AEC68 = {
						CreatedOnToolsVersion = 6.1;
						TestTargetID = B9CA9AEE1B6598A2008AEC68;
					};
				};
			};
			buildConfigurationList = B9CA9AEA1B6598A2008AEC68 /* Build configuration list for PBXProject "TechnicalChallenge" */;
			compatibilityVersion = "Xcode 3.2";
			developmentRegion = English;
			hasScannedForEncodings = 0;
			knownRegions = (
				en,
				Base,
			);
			mainGroup = B9CA9AE61B6598A2008AEC68;
			productRefGroup = B9CA9AF01B6598A2008AEC68 /* Products */;
			projectDirPath = "";
			projectRoot = "";
			targets = (
				B9CA9AEE1B6598A2008AEC68 /* TechnicalChallenge */,
				B9CA9B0A1B6598A2008AEC68 /* TechnicalChallengeTests */,
			);
		};
/* End PBXProject section */

/* Begin PBXResourcesBuildPhase section */
		B9CA9AED1B6598A2008AEC68 /* Resources */ = {
			isa = PBXResourcesBuildPhase;
			buildActionMask = 2147483647;
			files = (
				B9CA9B011B6598A2008AEC68 /* Main.storyboard in Resources */,
				B9CA9B061B6598A2008AEC68 /* LaunchScreen.xib in Resources */,
				B9CA9B031B6598A2008AEC68 /* Images.xcassets in Resources */,
			);
			runOnlyForDeploymentPostprocessing = 0;
		};
		B9CA9B091B6598A2008AEC68 /* Resources */ = {
			isa = PBXResourcesBuildPhase;
			buildActionMask = 2147483647;
			files = (
			);
			runOnlyForDeploymentPostprocessing = 0;
		};
/* End PBXResourcesBuildPhase section */

/* Begin PBXSourcesBuildPhase section */
		B9CA9AEB1B6598A2008AEC68 /* Sources */ = {
			isa = PBXSourcesBuildPhase;
			buildActionMask = 2147483647;
			files = (
				B9CA9AF81B6598A2008AEC68 /* AppDelegate.m in Sources */,
				B9CA9AFB1B6598A2008AEC68 /* MasterViewController.m in Sources */,
				B9CA9AF51B6598A2008AEC68 /* main.m in Sources */,
				B9CA9AFE1B6598A2008AEC68 /* DetailViewController.m in Sources */,
			);
			runOnlyForDeploymentPostprocessing = 0;
		};
		B9CA9B071B6598A2008AEC68 /* Sources */ = {
			isa = PBXSourcesBuildPhase;
			buildActionMask = 2147483647;
			files = (
				B9CA9B121B6598A2008AEC68 /* TechnicalChallengeTests.m in Sources */,
			);
			runOnlyForDeploymentPostprocessing = 0;
		};
/* End PBXSourcesBuildPhase section */

/* Begin PBXTargetDependency section */
		B9CA9B0D1B6598A2008AEC68 /* PBXTargetDependency */ = {
			isa = PBXTargetDependency;
			target = B9CA9AEE1B6598A2008AEC68 /* TechnicalChallenge */;
			targetProxy = B9CA9B0C1B6598A2008AEC68 /* PBXContainerItemProxy */;
		};
/* End PBXTargetDependency section */

/* Begin PBXVariantGroup section */
		B9CA9AFF1B6598A2008AEC68 /* Main.storyboard */ = {
			isa = PBXVariantGroup;
			children = (
				B9CA9B001B6598A2008AEC68 /* Base */,
			);
			name = Main.storyboard;
			sourceTree = "<group>";
		};
		B9CA9B041B6598A2008AEC68 /* LaunchScreen.xib */ = {
			isa = PBXVariantGroup;
			children = (
				B9CA9B051B6598A2008AEC68 /* Base */,
			);
			name = LaunchScreen.xib;
			sourceTree = "<group>";
		};
/* End PBXVariantGroup section */

/* Begin XCBuildConfiguration section */
		B9CA9B131B6598A2008AEC68 /* Debug */ = {
			isa = XCBuildConfiguration;
			buildSettings = {
				ALWAYS_SEARCH_USER_PATHS = NO;
				CLANG_CXX_LANGUAGE_STANDARD = "gnu++0x";
				CLANG_CXX_LIBRARY = "libc++";
				CLANG_ENABLE_MODULES = YES;
				CLANG_ENABLE_OBJC_ARC = YES;
				CLANG_WARN_BOOL_CONVERSION = YES;
				CLANG_WARN_CONSTANT_CONVERSION = YES;
				CLANG_WARN_DIRECT_OBJC_ISA_USAGE = YES_ERROR;
				CLANG_WARN_EMPTY_BODY = YES;
				CLANG_WARN_ENUM_CONVERSION = YES;
				CLANG_WARN_INT_CONVERSION = YES;
				CLANG_WARN_OBJC_ROOT_CLASS = YES_ERROR;
				CLANG_WARN_UNREACHABLE_CODE = YES;
				CLANG_WARN__DUPLICATE_METHOD_MATCH = YES;
				"CODE_SIGN_IDENTITY[sdk=iphoneos*]" = "iPhone Developer";
				COPY_PHASE_STRIP = NO;
				ENABLE_STRICT_OBJC_MSGSEND = YES;
				GCC_C_LANGUAGE_STANDARD = gnu99;
				GCC_DYNAMIC_NO_PIC = NO;
				GCC_OPTIMIZATION_LEVEL = 0;
				GCC_PREPROCESSOR_DEFINITIONS = (
					"DEBUG=1",
					"$(inherited)",
				);
				GCC_SYMBOLS_PRIVATE_EXTERN = NO;
				GCC_WARN_64_TO_32_BIT_CONVERSION = YES;
				GCC_WARN_ABOUT_RETURN_TYPE = YES_ERROR;
				GCC_WARN_UNDECLARED_SELECTOR = YES;
				GCC_WARN_UNINITIALIZED_AUTOS = YES_AGGRESSIVE;
				GCC_WARN_UNUSED_FUNCTION = YES;
				GCC_WARN_UNUSED_VARIABLE = YES;
				IPHONEOS_DEPLOYMENT_TARGET = 8.1;
				MTL_ENABLE_DEBUG_INFO = YES;
				ONLY_ACTIVE_ARCH = YES;
				SDKROOT = iphoneos;
			};
			name = Debug;
		};
		B9CA9B141B6598A2008AEC68 /* Release */ = {
			isa = XCBuildConfiguration;
			buildSettings = {
				ALWAYS_SEARCH_USER_PATHS = NO;
				CLANG_CXX_LANGUAGE_STANDARD = "gnu++0x";
				CLANG_CXX_LIBRARY = "libc++";
				CLANG_ENABLE_MODULES = YES;
				CLANG_ENABLE_OBJC_ARC = YES;
				CLANG_WARN_BOOL_CONVERSION = YES;
				CLANG_WARN_CONSTANT_CONVERSION = YES;
				CLANG_WARN_DIRECT_OBJC_ISA_USAGE = YES_ERROR;
				CLANG_WARN_EMPTY_BODY = YES;
				CLANG_WARN_ENUM_CONVERSION = YES;
				CLANG_WARN_INT_CONVERSION = YES;
				CLANG_WARN_OBJC_ROOT_CLASS = YES_ERROR;
				CLANG_WARN_UNREACHABLE_CODE = YES;
				CLANG_WARN__DUPLICATE_METHOD_MATCH = YES;
				"CODE_SIGN_IDENTITY[sdk=iphoneos*]" = "iPhone Developer";
				COPY_PHASE_STRIP = YES;
				ENABLE_NS_ASSERTIONS = NO;
				ENABLE_STRICT_OBJC_MSGSEND = YES;
				GCC_C_LANGUAGE_STANDARD = gnu99;
				GCC_WARN_64_TO_32_BIT_CONVERSION = YES;
				GCC_WARN_ABOUT_RETURN_TYPE = YES_ERROR;
				GCC_WARN_UNDECLARED_SELECTOR = YES;
				GCC_WARN_UNINITIALIZED_AUTOS = YES_AGGRESSIVE;
				GCC_WARN_UNUSED_FUNCTION = YES;
				GCC_WARN_UNUSED_VARIABLE = YES;
				IPHONEOS_DEPLOYMENT_TARGET = 8.1;
				MTL_ENABLE_DEBUG_INFO = NO;
				SDKROOT = iphoneos;
				VALIDATE_PRODUCT = YES;
			};
			name = Release;
		};
		B9CA9B161B6598A2008AEC68 /* Debug */ = {
			isa = XCBuildConfiguration;
			buildSettings = {
				ASSETCATALOG_COMPILER_APPICON_NAME = AppIcon;
				INFOPLIST_FILE = TechnicalChallenge/Info.plist;
				LD_RUNPATH_SEARCH_PATHS = "$(inherited) @executable_path/Frameworks";
				PRODUCT_NAME = "$(TARGET_NAME)";
			};
			name = Debug;
		};
		B9CA9B171B6598A2008AEC68 /* Release */ = {
			isa = XCBuildConfiguration;
			buildSettings = {
				ASSETCATALOG_COMPILER_APPICON_NAME = AppIcon;
				INFOPLIST_FILE = TechnicalChallenge/Info.plist;
				LD_RUNPATH_SEARCH_PATHS = "$(inherited) @executable_path/Frameworks";
				PRODUCT_NAME = "$(TARGET_NAME)";
			};
			name = Release;
		};
		B9CA9B191B6598A2008AEC68 /* Debug */ = {
			isa = XCBuildConfiguration;
			buildSettings = {
				BUNDLE_LOADER = "$(TEST_HOST)";
				FRAMEWORK_SEARCH_PATHS = (
					"$(SDKROOT)/Developer/Library/Frameworks",
					"$(inherited)",
				);
				GCC_PREPROCESSOR_DEFINITIONS = (
					"DEBUG=1",
					"$(inherited)",
				);
				INFOPLIST_FILE = TechnicalChallengeTests/Info.plist;
				LD_RUNPATH_SEARCH_PATHS = "$(inherited) @executable_path/Frameworks @loader_path/Frameworks";
				PRODUCT_NAME = "$(TARGET_NAME)";
				TEST_HOST = "$(BUILT_PRODUCTS_DIR)/TechnicalChallenge.app/TechnicalChallenge";
			};
			name = Debug;
		};
		B9CA9B1A1B6598A2008AEC68 /* Release */ = {
			isa = XCBuildConfiguration;
			buildSettings = {
				BUNDLE_LOADER = "$(TEST_HOST)";
				FRAMEWORK_SEARCH_PATHS = (
					"$(SDKROOT)/Developer/Library/Frameworks",
					"$(inherited)",
				);
				INFOPLIST_FILE = TechnicalChallengeTests/Info.plist;
				LD_RUNPATH_SEARCH_PATHS = "$(inherited) @executable_path/Frameworks @loader_path/Frameworks";
				PRODUCT_NAME = "$(TARGET_NAME)";
				TEST_HOST = "$(BUILT_PRODUCTS_DIR)/TechnicalChallenge.app/TechnicalChallenge";
			};
			name = Release;
		};
/* End XCBuildConfiguration section */

/* Begin XCConfigurationList section */
		B9CA9AEA1B6598A2008AEC68 /* Build configuration list for PBXProject "TechnicalChallenge" */ = {
			isa = XCConfigurationList;
			buildConfigurations = (
				B9CA9B131B6598A2008AEC68 /* Debug */,
				B9CA9B141B6598A2008AEC68 /* Release */,
			);
			defaultConfigurationIsVisible = 0;
			defaultConfigurationName = Release;
		};
		B9CA9B151B6598A2008AEC68 /* Build configuration list for PBXNativeTarget "TechnicalChallenge" */ = {
			isa = XCConfigurationList;
			buildConfigurations = (
				B9CA9B161B6598A2008AEC68 /* Debug */,
				B9CA9B171B6598A2008AEC68 /* Release */,
			);
			defaultConfigurationIsVisible = 0;
		};
		B9CA9B181B6598A2008AEC68 /* Build configuration list for PBXNativeTarget "TechnicalChallengeTests" */ = {
			isa = XCConfigurationList;
			buildConfigurations = (
				B9CA9B191B6598A2008AEC68 /* Debug */,
				B9CA9B1A1B6598A2008AEC68 /* Release */,
			);
			defaultConfigurationIsVisible = 0;
		};
/* End XCConfigurationList section */
	};
	rootObject = B9CA9AE71B6598A2008AEC68 /* Project object */;
}
